
Microsoft Visual Studio Solution File, Format Version 12.00
# Visual Studio 15
VisualStudioVersion = 15.0.28307.572
MinimumVisualStudioVersion = 10.0.40219.1
Project("{FAE04EC0-301F-11D3-BF4B-00C04F79EFBC}") = "Поиск по массиву", "Поиск по массиву.csproj", "{1DAD313A-0AEB-4FBC-8FCA-D59F6CA70139}"
EndProject
Global
	GlobalSection(SolutionConfigurationPlatforms) = preSolution
		Debug|Any CPU = Debug|Any CPU
		Release|Any CPU = Release|Any CPU
	EndGlobalSection
	GlobalSection(ProjectConfigurationPlatforms) = postSolution
		{1DAD313A-0AEB-4FBC-8FCA-D59F6CA70139}.Debug|Any CPU.ActiveCfg = Debug|Any CPU
		{1DAD313A-0AEB-4FBC-8FCA-D59F6CA70139}.Debug|Any CPU.Build.0 = Debug|Any CPU
		{1DAD313A-0AEB-4FBC-8FCA-D59F6CA70139}.Release|Any CPU.ActiveCfg = Release|Any CPU
		{1DAD313A-0AEB-4FBC-8FCA-D59F6CA70139}.Release|Any CPU.Build.0 = Release|Any CPU
	EndGlobalSection
	GlobalSection(SolutionProperties) = preSolution
		HideSolutionNode = FALSE
	EndGlobalSection
	GlobalSection(ExtensibilityGlobals) = postSolution
		SolutionGuid = {AB44995B-EC8A-47E2-A880-8B3E6EBF2552}
	EndGlobalSection
EndGlobal
